{
  "name": "nhan-security-log",
  "version": "1.0.0",
  "lockfileVersion": 3,
  "requires": true,
  "packages": {
    "": {
      "name": "nhan-security-log",
      "version": "1.0.0",
      "dependencies": {
        "highlight.js": "^11.11.1",
        "katex": "^0.16.22",
        "marked": "^15.0.12",
        "marked-highlight": "^2.2.1",
        "marked-katex-extension": "^5.1.5"
      }
    },
    "node_modules/commander": {
      "version": "8.3.0",
      "resolved": "https://registry.npmjs.org/commander/-/commander-8.3.0.tgz",
      "integrity": "sha512-OkTL9umf+He2DZkUq8f8J9of7yL6RJKI24dVITBmNfZBmri9zYZQrKkuXiKhyfPSu8tUhnVBB1iKXevvnlR4Ww==",
      "license": "MIT",
      "engines": {
        "node": ">= 12"
      }
    },
    "node_modules/highlight.js": {
      "version": "11.11.1",
      "resolved": "https://registry.npmjs.org/highlight.js/-/highlight.js-11.11.1.tgz",
      "integrity": "sha512-Xwwo44whKBVCYoliBQwaPvtd/2tYFkRQtXDWj1nackaV2JPXx3L0+Jvd8/qCJ2p+ML0/XVkJ2q+Mr+UVdpJK5w==",
      "license": "BSD-3-Clause",
      "engines": {
        "node": ">=12.0.0"
      }
    },
    "node_modules/katex": {
      "version": "0.16.39",
      "resolved": "https://registry.npmjs.org/katex/-/katex-0.16.39.tgz",
      "integrity": "sha512-FR2f6y85+81ZLO0GPhyQ+EJl/E5ILNWltJhpAeOTzRny952Z13x2867lTFDmvMZix//Ux3CuMQ2VkLXRbUwOFg==",
      "funding": [
        "https://opencollective.com/katex",
        "https://github.com/sponsors/katex"
      ],
      "license": "MIT",
      "dependencies": {
        "commander": "^8.3.0"
      },
      "bin": {
        "katex": "cli.js"
      }
    },
    "node_modules/marked": {
      "version": "15.0.12",
      "resolved": "https://registry.npmjs.org/marked/-/marked-15.0.12.tgz",
      "integrity": "sha512-8dD6FusOQSrpv9Z1rdNMdlSgQOIP880DHqnohobOmYLElGEqAL/JvxvuxZO16r4HtjTlfPRDC1hbvxC9dPN2nA==",
      "license": "MIT",
      "bin": {
        "marked": "bin/marked.js"
      },
      "engines": {
        "node": ">= 18"
      }
    },
    "node_modules/marked-highlight": {
      "version": "2.2.3",
      "resolved": "https://registry.npmjs.org/marked-highlight/-/marked-highlight-2.2.3.tgz",
      "integrity": "sha512-FCfZRxW/msZAiasCML4isYpxyQWKEEx44vOgdn5Kloae+Qc3q4XR7WjpKKf8oMLk7JP9ZCRd2vhtclJFdwxlWQ==",
      "license": "MIT",
      "peerDependencies": {
        "marked": ">=4 <18"
      }
    },
    "node_modules/marked-katex-extension": {
      "version": "5.1.7",
      "resolved": "https://registry.npmjs.org/marked-katex-extension/-/marked-katex-extension-5.1.7.tgz",
      "integrity": "sha512-CVFzrqwpXGVaHByqcVvO/JfzW/OMWrAF3pEfNYNIruzBzM64moANSHapCg1qbzEN+NGf5unHwkMfwJIXHzyDAw==",
      "license": "MIT",
      "peerDependencies": {
        "katex": ">=0.16 <0.17",
        "marked": ">=4 <18"
      }
    }
  }
}
